
Microsoft Visual Studio Solution File, Format Version 12.00
# Visual Studio Version 17
VisualStudioVersion = 17.4.33213.308
MinimumVisualStudioVersion = 10.0.40219.1
Project("{9A19103F-16F7-4668-BE54-9A1E7A4F7556}") = "Vinodrill_Back", "Vinodrill_Back\Vinodrill_Back.csproj", "{1024EC31-AEE2-425E-A25A-B274CF1D0350}"
EndProject
Project("{FAE04EC0-301F-11D3-BF4B-00C04F79EFBC}") = "Vinodrill_BackTests", "Vinodrill_BackTests\Vinodrill_BackTests.csproj", "{BFE32D73-E289-41A8-9DD0-05169F517B2D}"
EndProject
Global
	GlobalSection(SolutionConfigurationPlatforms) = preSolution
		Debug|Any CPU = Debug|Any CPU
		Release|Any CPU = Release|Any CPU
	EndGlobalSection
	GlobalSection(ProjectConfigurationPlatforms) = postSolution
		{1024EC31-AEE2-425E-A25A-B274CF1D0350}.Debug|Any CPU.ActiveCfg = Debug|Any CPU
		{1024EC31-AEE2-425E-A25A-B274CF1D0350}.Debug|Any CPU.Build.0 = Debug|Any CPU
		{1024EC31-AEE2-425E-A25A-B274CF1D0350}.Release|Any CPU.ActiveCfg = Release|Any CPU
		{1024EC31-AEE2-425E-A25A-B274CF1D0350}.Release|Any CPU.Build.0 = Release|Any CPU
		{BFE32D73-E289-41A8-9DD0-05169F517B2D}.Debug|Any CPU.ActiveCfg = Debug|Any CPU
		{BFE32D73-E289-41A8-9DD0-05169F517B2D}.Debug|Any CPU.Build.0 = Debug|Any CPU
		{BFE32D73-E289-41A8-9DD0-05169F517B2D}.Release|Any CPU.ActiveCfg = Release|Any CPU
		{BFE32D73-E289-41A8-9DD0-05169F517B2D}.Release|Any CPU.Build.0 = Release|Any CPU
	EndGlobalSection
	GlobalSection(SolutionProperties) = preSolution
		HideSolutionNode = FALSE
	EndGlobalSection
	GlobalSection(ExtensibilityGlobals) = postSolution
		SolutionGuid = {FE6601F1-68AD-4D52-BC22-DBCFF60E8B29}
	EndGlobalSection
EndGlobal
